// !$*UTF8*$!
{
	archiveVersion = 1;
	classes = {
	};
	objectVersion = 46;
	objects = {

/* Begin PBXBuildFile section */
		45102C501DF88D6400FC9E60 /* LanguageExtensions.swift in Sources */ = {isa = PBXBuildFile; fileRef = 45102C4F1DF88D6400FC9E60 /* LanguageExtensions.swift */; };
		455077A81DF196ED00DE324A /* AppDelegate.swift in Sources */ = {isa = PBXBuildFile; fileRef = 455077A71DF196ED00DE324A /* AppDelegate.swift */; };
		455077AA1DF196ED00DE324A /* ListPostsController.swift in Sources */ = {isa = PBXBuildFile; fileRef = 455077A91DF196ED00DE324A /* ListPostsController.swift */; };
		455077AD1DF196ED00DE324A /* Main.storyboard in Resources */ = {isa = PBXBuildFile; fileRef = 455077AB1DF196ED00DE324A /* Main.storyboard */; };
		455077AF1DF196ED00DE324A /* Assets.xcassets in Resources */ = {isa = PBXBuildFile; fileRef = 455077AE1DF196ED00DE324A /* Assets.xcassets */; };
		455077B21DF196ED00DE324A /* LaunchScreen.storyboard in Resources */ = {isa = PBXBuildFile; fileRef = 455077B01DF196ED00DE324A /* LaunchScreen.storyboard */; };
		455077BB1DF1A10800DE324A /* Post.swift in Sources */ = {isa = PBXBuildFile; fileRef = 455077BA1DF1A10800DE324A /* Post.swift */; };
		455077BD1DF1A1CB00DE324A /* Database.swift in Sources */ = {isa = PBXBuildFile; fileRef = 455077BC1DF1A1CB00DE324A /* Database.swift */; };
		45B5CF671DF5AB290061EA2A /* EditPostController.swift in Sources */ = {isa = PBXBuildFile; fileRef = 45B5CF661DF5AB290061EA2A /* EditPostController.swift */; };
		45C1D9371DF71E1300F62676 /* ViewPostController.swift in Sources */ = {isa = PBXBuildFile; fileRef = 45C1D9361DF71E1300F62676 /* ViewPostController.swift */; };
		D585D253AE0BD4571734F9CF /* Pods_Example.framework in Frameworks */ = {isa = PBXBuildFile; fileRef = 42CD09F497E087C9ABB160AA /* Pods_Example.framework */; };
/* End PBXBuildFile section */

/* Begin PBXFileReference section */
		0093229A286566E08C4D571D /* Pods-Example.release.xcconfig */ = {isa = PBXFileReference; includeInIndex = 1; lastKnownFileType = text.xcconfig; name = "Pods-Example.release.xcconfig"; path = "Pods/Target Support Files/Pods-Example/Pods-Example.release.xcconfig"; sourceTree = "<group>"; };
		42CD09F497E087C9ABB160AA /* Pods_Example.framework */ = {isa = PBXFileReference; explicitFileType = wrapper.framework; includeInIndex = 0; path = Pods_Example.framework; sourceTree = BUILT_PRODUCTS_DIR; };
		45102C4F1DF88D6400FC9E60 /* LanguageExtensions.swift */ = {isa = PBXFileReference; fileEncoding = 4; lastKnownFileType = sourcecode.swift; path = LanguageExtensions.swift; sourceTree = "<group>"; };
		455077A41DF196ED00DE324A /* Example.app */ = {isa = PBXFileReference; explicitFileType = wrapper.application; includeInIndex = 0; path = Example.app; sourceTree = BUILT_PRODUCTS_DIR; };
		455077A71DF196ED00DE324A /* AppDelegate.swift */ = {isa = PBXFileReference; lastKnownFileType = sourcecode.swift; path = AppDelegate.swift; sourceTree = "<group>"; };
		455077A91DF196ED00DE324A /* ListPostsController.swift */ = {isa = PBXFileReference; lastKnownFileType = sourcecode.swift; path = ListPostsController.swift; sourceTree = "<group>"; };
		455077AC1DF196ED00DE324A /* Base */ = {isa = PBXFileReference; lastKnownFileType = file.storyboard; name = Base; path = Base.lproj/Main.storyboard; sourceTree = "<group>"; };
		455077AE1DF196ED00DE324A /* Assets.xcassets */ = {isa = PBXFileReference; lastKnownFileType = folder.assetcatalog; path = Assets.xcassets; sourceTree = "<group>"; };
		455077B11DF196ED00DE324A /* Base */ = {isa = PBXFileReference; lastKnownFileType = file.storyboard; name = Base; path = Base.lproj/LaunchScreen.storyboard; sourceTree = "<group>"; };
		455077B31DF196ED00DE324A /* Info.plist */ = {isa = PBXFileReference; lastKnownFileType = text.plist.xml; path = Info.plist; sourceTree = "<group>"; };
		455077BA1DF1A10800DE324A /* Post.swift */ = {isa = PBXFileReference; fileEncoding = 4; lastKnownFileType = sourcecode.swift; path = Post.swift; sourceTree = "<group>"; };
		455077BC1DF1A1CB00DE324A /* Database.swift */ = {isa = PBXFileReference; fileEncoding = 4; lastKnownFileType = sourcecode.swift; path = Database.swift; sourceTree = "<group>"; };
		45B5CF661DF5AB290061EA2A /* EditPostController.swift */ = {isa = PBXFileReference; fileEncoding = 4; lastKnownFileType = sourcecode.swift; path = EditPostController.swift; sourceTree = "<group>"; };
		45C1D9361DF71E1300F62676 /* ViewPostController.swift */ = {isa = PBXFileReference; fileEncoding = 4; lastKnownFileType = sourcecode.swift; path = ViewPostController.swift; sourceTree = "<group>"; };
		BA46473A4D035552635FAEDC /* Pods-Example.debug.xcconfig */ = {isa = PBXFileReference; includeInIndex = 1; lastKnownFileType = text.xcconfig; name = "Pods-Example.debug.xcconfig"; path = "Pods/Target Support Files/Pods-Example/Pods-Example.debug.xcconfig"; sourceTree = "<group>"; };
/* End PBXFileReference section */

/* Begin PBXFrameworksBuildPhase section */
		455077A11DF196ED00DE324A /* Frameworks */ = {
			isa = PBXFrameworksBuildPhase;
			buildActionMask = 2147483647;
			files = (
				D585D253AE0BD4571734F9CF /* Pods_Example.framework in Frameworks */,
			);
			runOnlyForDeploymentPostprocessing = 0;
		};
/* End PBXFrameworksBuildPhase section */

/* Begin PBXGroup section */
		4550779B1DF196ED00DE324A = {
			isa = PBXGroup;
			children = (
				455077A61DF196ED00DE324A /* Example */,
				455077A51DF196ED00DE324A /* Products */,
				96A6430895DF3C1E9B68E4B4 /* Pods */,
				D18C641D5ABB279871F21917 /* Frameworks */,
			);
			sourceTree = "<group>";
		};
		455077A51DF196ED00DE324A /* Products */ = {
			isa = PBXGroup;
			children = (
				455077A41DF196ED00DE324A /* Example.app */,
			);
			name = Products;
			sourceTree = "<group>";
		};
		455077A61DF196ED00DE324A /* Example */ = {
			isa = PBXGroup;
			children = (
				455077AE1DF196ED00DE324A /* Assets.xcassets */,
				455077B31DF196ED00DE324A /* Info.plist */,
				455077BC1DF1A1CB00DE324A /* Database.swift */,
				455077A71DF196ED00DE324A /* AppDelegate.swift */,
				455077A91DF196ED00DE324A /* ListPostsController.swift */,
				45C1D9361DF71E1300F62676 /* ViewPostController.swift */,
				45B5CF661DF5AB290061EA2A /* EditPostController.swift */,
				455077BA1DF1A10800DE324A /* Post.swift */,
				45102C4F1DF88D6400FC9E60 /* LanguageExtensions.swift */,
				455077AB1DF196ED00DE324A /* Main.storyboard */,
				455077B01DF196ED00DE324A /* LaunchScreen.storyboard */,
			);
			path = Example;
			sourceTree = "<group>";
		};
		96A6430895DF3C1E9B68E4B4 /* Pods */ = {
			isa = PBXGroup;
			children = (
				BA46473A4D035552635FAEDC /* Pods-Example.debug.xcconfig */,
				0093229A286566E08C4D571D /* Pods-Example.release.xcconfig */,
			);
			name = Pods;
			sourceTree = "<group>";
		};
		D18C641D5ABB279871F21917 /* Frameworks */ = {
			isa = PBXGroup;
			children = (
				42CD09F497E087C9ABB160AA /* Pods_Example.framework */,
			);
			name = Frameworks;
			sourceTree = "<group>";
		};
/* End PBXGroup section */

/* Begin PBXNativeTarget section */
		455077A31DF196ED00DE324A /* Example */ = {
			isa = PBXNativeTarget;
			buildConfigurationList = 455077B61DF196ED00DE324A /* Build configuration list for PBXNativeTarget "Example" */;
			buildPhases = (
				BE909E6C1446227D5370645F /* [CP] Check Pods Manifest.lock */,
				455077A01DF196ED00DE324A /* Sources */,
				455077A11DF196ED00DE324A /* Frameworks */,
				455077A21DF196ED00DE324A /* Resources */,
				4FEAAA49BE786DC71D60BC2A /* [CP] Embed Pods Frameworks */,
				0D599AF79E295F65A94EFF35 /* [CP] Copy Pods Resources */,
			);
			buildRules = (
			);
			dependencies = (
			);
			name = Example;
			productName = Example;
			productReference = 455077A41DF196ED00DE324A /* Example.app */;
			productType = "com.apple.product-type.application";
		};
/* End PBXNativeTarget section */

/* Begin PBXProject section */
		4550779C1DF196ED00DE324A /* Project object */ = {
			isa = PBXProject;
			attributes = {
				LastSwiftUpdateCheck = 0810;
				LastUpgradeCheck = 0810;
				ORGANIZATIONNAME = Fauna;
				TargetAttributes = {
					455077A31DF196ED00DE324A = {
						CreatedOnToolsVersion = 8.1;
						ProvisioningStyle = Automatic;
					};
				};
			};
			buildConfigurationList = 4550779F1DF196ED00DE324A /* Build configuration list for PBXProject "Example" */;
			compatibilityVersion = "Xcode 3.2";
			developmentRegion = English;
			hasScannedForEncodings = 0;
			knownRegions = (
				en,
				Base,
			);
			mainGroup = 4550779B1DF196ED00DE324A;
			productRefGroup = 455077A51DF196ED00DE324A /* Products */;
			projectDirPath = "";
			projectRoot = "";
			targets = (
				455077A31DF196ED00DE324A /* Example */,
			);
		};
/* End PBXProject section */

/* Begin PBXResourcesBuildPhase section */
		455077A21DF196ED00DE324A /* Resources */ = {
			isa = PBXResourcesBuildPhase;
			buildActionMask = 2147483647;
			files = (
				455077B21DF196ED00DE324A /* LaunchScreen.storyboard in Resources */,
				455077AF1DF196ED00DE324A /* Assets.xcassets in Resources */,
				455077AD1DF196ED00DE324A /* Main.storyboard in Resources */,
			);
			runOnlyForDeploymentPostprocessing = 0;
		};
/* End PBXResourcesBuildPhase section */

/* Begin PBXShellScriptBuildPhase section */
		0D599AF79E295F65A94EFF35 /* [CP] Copy Pods Resources */ = {
			isa = PBXShellScriptBuildPhase;
			buildActionMask = 2147483647;
			files = (
			);
			inputPaths = (
			);
			name = "[CP] Copy Pods Resources";
			outputPaths = (
			);
			runOnlyForDeploymentPostprocessing = 0;
			shellPath = /bin/sh;
			shellScript = "\"${SRCROOT}/Pods/Target Support Files/Pods-Example/Pods-Example-resources.sh\"\n";
			showEnvVarsInLog = 0;
		};
		4FEAAA49BE786DC71D60BC2A /* [CP] Embed Pods Frameworks */ = {
			isa = PBXShellScriptBuildPhase;
			buildActionMask = 2147483647;
			files = (
			);
			inputPaths = (
			);
			name = "[CP] Embed Pods Frameworks";
			outputPaths = (
			);
			runOnlyForDeploymentPostprocessing = 0;
			shellPath = /bin/sh;
			shellScript = "\"${SRCROOT}/Pods/Target Support Files/Pods-Example/Pods-Example-frameworks.sh\"\n";
			showEnvVarsInLog = 0;
		};
		BE909E6C1446227D5370645F /* [CP] Check Pods Manifest.lock */ = {
			isa = PBXShellScriptBuildPhase;
			buildActionMask = 2147483647;
			files = (
			);
			inputPaths = (
			);
			name = "[CP] Check Pods Manifest.lock";
			outputPaths = (
			);
			runOnlyForDeploymentPostprocessing = 0;
			shellPath = /bin/sh;
			shellScript = "diff \"${PODS_ROOT}/../Podfile.lock\" \"${PODS_ROOT}/Manifest.lock\" > /dev/null\nif [ $? != 0 ] ; then\n    # print error to STDERR\n    echo \"error: The sandbox is not in sync with the Podfile.lock. Run 'pod install' or update your CocoaPods installation.\" >&2\n    exit 1\nfi\n";
			showEnvVarsInLog = 0;
		};
/* End PBXShellScriptBuildPhase section */

/* Begin PBXSourcesBuildPhase section */
		455077A01DF196ED00DE324A /* Sources */ = {
			isa = PBXSourcesBuildPhase;
			buildActionMask = 2147483647;
			files = (
				45B5CF671DF5AB290061EA2A /* EditPostController.swift in Sources */,
				455077BB1DF1A10800DE324A /* Post.swift in Sources */,
				455077AA1DF196ED00DE324A /* ListPostsController.swift in Sources */,
				455077BD1DF1A1CB00DE324A /* Database.swift in Sources */,
				45C1D9371DF71E1300F62676 /* ViewPostController.swift in Sources */,
				455077A81DF196ED00DE324A /* AppDelegate.swift in Sources */,
				45102C501DF88D6400FC9E60 /* LanguageExtensions.swift in Sources */,
			);
			runOnlyForDeploymentPostprocessing = 0;
		};
/* End PBXSourcesBuildPhase section */

/* Begin PBXVariantGroup section */
		455077AB1DF196ED00DE324A /* Main.storyboard */ = {
			isa = PBXVariantGroup;
			children = (
				455077AC1DF196ED00DE324A /* Base */,
			);
			name = Main.storyboard;
			sourceTree = "<group>";
		};
		455077B01DF196ED00DE324A /* LaunchScreen.storyboard */ = {
			isa = PBXVariantGroup;
			children = (
				455077B11DF196ED00DE324A /* Base */,
			);
			name = LaunchScreen.storyboard;
			sourceTree = "<group>";
		};
/* End PBXVariantGroup section */

/* Begin XCBuildConfiguration section */
		455077B41DF196ED00DE324A /* Debug */ = {
			isa = XCBuildConfiguration;
			buildSettings = {
				ALWAYS_SEARCH_USER_PATHS = NO;
				CLANG_ANALYZER_NONNULL = YES;
				CLANG_CXX_LANGUAGE_STANDARD = "gnu++0x";
				CLANG_CXX_LIBRARY = "libc++";
				CLANG_ENABLE_MODULES = YES;
				CLANG_ENABLE_OBJC_ARC = YES;
				CLANG_WARN_BOOL_CONVERSION = YES;
				CLANG_WARN_CONSTANT_CONVERSION = YES;
				CLANG_WARN_DIRECT_OBJC_ISA_USAGE = YES_ERROR;
				CLANG_WARN_DOCUMENTATION_COMMENTS = YES;
				CLANG_WARN_EMPTY_BODY = YES;
				CLANG_WARN_ENUM_CONVERSION = YES;
				CLANG_WARN_INFINITE_RECURSION = YES;
				CLANG_WARN_INT_CONVERSION = YES;
				CLANG_WARN_OBJC_ROOT_CLASS = YES_ERROR;
				CLANG_WARN_SUSPICIOUS_MOVE = YES;
				CLANG_WARN_SUSPICIOUS_MOVES = YES;
				CLANG_WARN_UNREACHABLE_CODE = YES;
				CLANG_WARN__DUPLICATE_METHOD_MATCH = YES;
				"CODE_SIGN_IDENTITY[sdk=iphoneos*]" = "iPhone Developer";
				COPY_PHASE_STRIP = NO;
				DEBUG_INFORMATION_FORMAT = dwarf;
				ENABLE_STRICT_OBJC_MSGSEND = YES;
				ENABLE_TESTABILITY = YES;
				GCC_C_LANGUAGE_STANDARD = gnu99;
				GCC_DYNAMIC_NO_PIC = NO;
				GCC_NO_COMMON_BLOCKS = YES;
				GCC_OPTIMIZATION_LEVEL = 0;
				GCC_PREPROCESSOR_DEFINITIONS = (
					"DEBUG=1",
					"$(inherited)",
				);
				GCC_WARN_64_TO_32_BIT_CONVERSION = YES;
				GCC_WARN_ABOUT_RETURN_TYPE = YES_ERROR;
				GCC_WARN_UNDECLARED_SELECTOR = YES;
				GCC_WARN_UNINITIALIZED_AUTOS = YES_AGGRESSIVE;
				GCC_WARN_UNUSED_FUNCTION = YES;
				GCC_WARN_UNUSED_VARIABLE = YES;
				IPHONEOS_DEPLOYMENT_TARGET = 10.1;
				MTL_ENABLE_DEBUG_INFO = YES;
				ONLY_ACTIVE_ARCH = YES;
				SDKROOT = iphoneos;
				SWIFT_ACTIVE_COMPILATION_CONDITIONS = DEBUG;
				SWIFT_OPTIMIZATION_LEVEL = "-Onone";
				TARGETED_DEVICE_FAMILY = "1,2";
			};
			name = Debug;
		};
		455077B51DF196ED00DE324A /* Release */ = {
			isa = XCBuildConfiguration;
			buildSettings = {
				ALWAYS_SEARCH_USER_PATHS = NO;
				CLANG_ANALYZER_NONNULL = YES;
				CLANG_CXX_LANGUAGE_STANDARD = "gnu++0x";
				CLANG_CXX_LIBRARY = "libc++";
				CLANG_ENABLE_MODULES = YES;
				CLANG_ENABLE_OBJC_ARC = YES;
				CLANG_WARN_BOOL_CONVERSION = YES;
				CLANG_WARN_CONSTANT_CONVERSION = YES;
				CLANG_WARN_DIRECT_OBJC_ISA_USAGE = YES_ERROR;
				CLANG_WARN_DOCUMENTATION_COMMENTS = YES;
				CLANG_WARN_EMPTY_BODY = YES;
				CLANG_WARN_ENUM_CONVERSION = YES;
				CLANG_WARN_INFINITE_RECURSION = YES;
				CLANG_WARN_INT_CONVERSION = YES;
				CLANG_WARN_OBJC_ROOT_CLASS = YES_ERROR;
				CLANG_WARN_SUSPICIOUS_MOVE = YES;
				CLANG_WARN_SUSPICIOUS_MOVES = YES;
				CLANG_WARN_UNREACHABLE_CODE = YES;
				CLANG_WARN__DUPLICATE_METHOD_MATCH = YES;
				"CODE_SIGN_IDENTITY[sdk=iphoneos*]" = "iPhone Developer";
				COPY_PHASE_STRIP = NO;
				DEBUG_INFORMATION_FORMAT = "dwarf-with-dsym";
				ENABLE_NS_ASSERTIONS = NO;
				ENABLE_STRICT_OBJC_MSGSEND = YES;
				GCC_C_LANGUAGE_STANDARD = gnu99;
				GCC_NO_COMMON_BLOCKS = YES;
				GCC_WARN_64_TO_32_BIT_CONVERSION = YES;
				GCC_WARN_ABOUT_RETURN_TYPE = YES_ERROR;
				GCC_WARN_UNDECLARED_SELECTOR = YES;
				GCC_WARN_UNINITIALIZED_AUTOS = YES_AGGRESSIVE;
				GCC_WARN_UNUSED_FUNCTION = YES;
				GCC_WARN_UNUSED_VARIABLE = YES;
				IPHONEOS_DEPLOYMENT_TARGET = 10.1;
				MTL_ENABLE_DEBUG_INFO = NO;
				SDKROOT = iphoneos;
				SWIFT_OPTIMIZATION_LEVEL = "-Owholemodule";
				TARGETED_DEVICE_FAMILY = "1,2";
				VALIDATE_PRODUCT = YES;
			};
			name = Release;
		};
		455077B71DF196ED00DE324A /* Debug */ = {
			isa = XCBuildConfiguration;
			baseConfigurationReference = BA46473A4D035552635FAEDC /* Pods-Example.debug.xcconfig */;
			buildSettings = {
				ASSETCATALOG_COMPILER_APPICON_NAME = AppIcon;
				INFOPLIST_FILE = Example/Info.plist;
				LD_RUNPATH_SEARCH_PATHS = "$(inherited) @executable_path/Frameworks";
				PRODUCT_BUNDLE_IDENTIFIER = fauna.Example;
				PRODUCT_NAME = "$(TARGET_NAME)";
				SWIFT_VERSION = 3.0;
			};
			name = Debug;
		};
		455077B81DF196ED00DE324A /* Release */ = {
			isa = XCBuildConfiguration;
			baseConfigurationReference = 0093229A286566E08C4D571D /* Pods-Example.release.xcconfig */;
			buildSettings = {
				ASSETCATALOG_COMPILER_APPICON_NAME = AppIcon;
				INFOPLIST_FILE = Example/Info.plist;
				LD_RUNPATH_SEARCH_PATHS = "$(inherited) @executable_path/Frameworks";
				PRODUCT_BUNDLE_IDENTIFIER = fauna.Example;
				PRODUCT_NAME = "$(TARGET_NAME)";
				SWIFT_VERSION = 3.0;
			};
			name = Release;
		};
/* End XCBuildConfiguration section */

/* Begin XCConfigurationList section */
		4550779F1DF196ED00DE324A /* Build configuration list for PBXProject "Example" */ = {
			isa = XCConfigurationList;
			buildConfigurations = (
				455077B41DF196ED00DE324A /* Debug */,
				455077B51DF196ED00DE324A /* Release */,
			);
			defaultConfigurationIsVisible = 0;
			defaultConfigurationName = Release;
		};
		455077B61DF196ED00DE324A /* Build configuration list for PBXNativeTarget "Example" */ = {
			isa = XCConfigurationList;
			buildConfigurations = (
				455077B71DF196ED00DE324A /* Debug */,
				455077B81DF196ED00DE324A /* Release */,
			);
			defaultConfigurationIsVisible = 0;
			defaultConfigurationName = Release;
		};
/* End XCConfigurationList section */
	};
	rootObject = 4550779C1DF196ED00DE324A /* Project object */;
}
