// !$*UTF8*$!
{
	archiveVersion = 1;
	classes = {
	};
	objectVersion = 46;
	objects = {

/* Begin PBXBuildFile section */
		283EB4EB1D26FB6000E59EBA /* ClientConfigurationTests.swift in Sources */ = {isa = PBXBuildFile; fileRef = 28DCFF3D1CFE37F400A813D3 /* ClientConfigurationTests.swift */; };
		283EB4ED1D26FB6600E59EBA /* ClientTests.swift in Sources */ = {isa = PBXBuildFile; fileRef = 28DCFF3F1CFE3AB000A813D3 /* ClientTests.swift */; };
		283EB4EE1D26FB6900E59EBA /* ClientExceptionsTests.swift in Sources */ = {isa = PBXBuildFile; fileRef = 288614441D0B4C5D007FB922 /* ClientExceptionsTests.swift */; };
		283EB4EF1D26FB6C00E59EBA /* FieldTests.swift in Sources */ = {isa = PBXBuildFile; fileRef = 287AB36C1D0782A50002B487 /* FieldTests.swift */; };
		283EB4F01D26FB6F00E59EBA /* DeserializationTests.swift in Sources */ = {isa = PBXBuildFile; fileRef = 28E9D83C1D0849CA00A511AA /* DeserializationTests.swift */; };
		283EB4F11D26FB7200E59EBA /* SerializationTests.swift in Sources */ = {isa = PBXBuildFile; fileRef = 28E9D84B1D0849F700A511AA /* SerializationTests.swift */; };
		283EB4F21D26FBC500E59EBA /* FaunaDBTests.swift in Sources */ = {isa = PBXBuildFile; fileRef = 287D0A6D1C4B73BD004566D6 /* FaunaDBTests.swift */; };
		287AB3481D0726930002B487 /* PathComponentType.swift in Sources */ = {isa = PBXBuildFile; fileRef = 287AB3471D0726930002B487 /* PathComponentType.swift */; };
		287AB3681D0766970002B487 /* FieldType.swift in Sources */ = {isa = PBXBuildFile; fileRef = 287AB3671D0766970002B487 /* FieldType.swift */; };
		287ED54B1D2D71B7000E7BC6 /* RxSwift.framework in Frameworks */ = {isa = PBXBuildFile; fileRef = 287ED54A1D2D71B7000E7BC6 /* RxSwift.framework */; };
		28858D2B1D11C49400532DE7 /* WriteFunctions.swift in Sources */ = {isa = PBXBuildFile; fileRef = 28858D2A1D11C49400532DE7 /* WriteFunctions.swift */; };
		288614181D0AF605007FB922 /* Quick.framework in Frameworks */ = {isa = PBXBuildFile; fileRef = 288614161D0AF605007FB922 /* Quick.framework */; };
		288614191D0AF605007FB922 /* Nimble.framework in Frameworks */ = {isa = PBXBuildFile; fileRef = 288614171D0AF605007FB922 /* Nimble.framework */; };
		288614401D0AFBC1007FB922 /* Quick.framework in CopyFiles */ = {isa = PBXBuildFile; fileRef = 288614161D0AF605007FB922 /* Quick.framework */; settings = {ATTRIBUTES = (CodeSignOnCopy, RemoveHeadersOnCopy, ); }; };
		288614411D0AFBC1007FB922 /* Nimble.framework in CopyFiles */ = {isa = PBXBuildFile; fileRef = 288614171D0AF605007FB922 /* Nimble.framework */; settings = {ATTRIBUTES = (CodeSignOnCopy, RemoveHeadersOnCopy, ); }; };
		2886144F1D0C8CF7007FB922 /* SetRef.swift in Sources */ = {isa = PBXBuildFile; fileRef = 2886144E1D0C8CF7007FB922 /* SetRef.swift */; };
		2886147C1D0F6E50007FB922 /* MiscFuntions.swift in Sources */ = {isa = PBXBuildFile; fileRef = 2886147B1D0F6E50007FB922 /* MiscFuntions.swift */; };
		288F0F781D0FA41D00079435 /* SetFunctions.swift in Sources */ = {isa = PBXBuildFile; fileRef = 288F0F771D0FA41D00079435 /* SetFunctions.swift */; };
		28A1B1AE1D25C616006AA400 /* Helpers.swift in Sources */ = {isa = PBXBuildFile; fileRef = 28A1B1AD1D25C616006AA400 /* Helpers.swift */; };
		28A1B1CF1D26C2A3006AA400 /* Expr.swift in Sources */ = {isa = PBXBuildFile; fileRef = 28DCFF4F1CFF910100A813D3 /* Expr.swift */; };
		28DCFF371CFE050E00A813D3 /* Client.swift in Sources */ = {isa = PBXBuildFile; fileRef = 28DCFF361CFE050E00A813D3 /* Client.swift */; };
		28DCFF421CFE3B3400A813D3 /* Error.swift in Sources */ = {isa = PBXBuildFile; fileRef = 28DCFF411CFE3B3400A813D3 /* Error.swift */; };
		28DCFF441CFE40B600A813D3 /* ClientObserverType.swift in Sources */ = {isa = PBXBuildFile; fileRef = 28DCFF431CFE40B600A813D3 /* ClientObserverType.swift */; };
		28DCFF471CFF906200A813D3 /* Ref.swift in Sources */ = {isa = PBXBuildFile; fileRef = 28DCFF461CFF906200A813D3 /* Ref.swift */; };
		28DCFF491CFF907E00A813D3 /* Obj.swift in Sources */ = {isa = PBXBuildFile; fileRef = 28DCFF481CFF907E00A813D3 /* Obj.swift */; };
		28DCFF4B1CFF909100A813D3 /* Scalars.swift in Sources */ = {isa = PBXBuildFile; fileRef = 28DCFF4A1CFF909100A813D3 /* Scalars.swift */; };
		28DCFF571D00A86E00A813D3 /* Arr.swift in Sources */ = {isa = PBXBuildFile; fileRef = 28DCFF561D00A86E00A813D3 /* Arr.swift */; };
		28DCFF5C1D01CBF800A813D3 /* Value.swift in Sources */ = {isa = PBXBuildFile; fileRef = 28DCFF5B1D01CBF800A813D3 /* Value.swift */; };
		28E9D8611D08EE7800A511AA /* Date.swift in Sources */ = {isa = PBXBuildFile; fileRef = 28E9D8601D08EE7800A511AA /* Date.swift */; };
		28E9D8631D08EE8700A511AA /* Timestamp.swift in Sources */ = {isa = PBXBuildFile; fileRef = 28E9D8621D08EE8700A511AA /* Timestamp.swift */; };
		28E9D8AB1D09D6B500A511AA /* RxFaunaDB.h in Headers */ = {isa = PBXBuildFile; fileRef = 28E9D8AA1D09D6B500A511AA /* RxFaunaDB.h */; settings = {ATTRIBUTES = (Public, ); }; };
		28E9D8B21D09D95E00A511AA /* Client+Rx.swift in Sources */ = {isa = PBXBuildFile; fileRef = 28E9D8B11D09D95E00A511AA /* Client+Rx.swift */; };
		28F828811C494B2C00330CF4 /* FaunaDB.h in Headers */ = {isa = PBXBuildFile; fileRef = 28F828801C494B2C00330CF4 /* FaunaDB.h */; settings = {ATTRIBUTES = (Public, ); }; };
		28F828881C494B2C00330CF4 /* FaunaDB.framework in Frameworks */ = {isa = PBXBuildFile; fileRef = 28F8287D1C494B2C00330CF4 /* FaunaDB.framework */; };
		28F99C881D1061440016F809 /* CollectionFunctions.swift in Sources */ = {isa = PBXBuildFile; fileRef = 28F99C871D1061440016F809 /* CollectionFunctions.swift */; };
		28F99CAB1D10655E0016F809 /* BasicForms.swift in Sources */ = {isa = PBXBuildFile; fileRef = 28F99CAA1D10655E0016F809 /* BasicForms.swift */; };
		28F99CAD1D1065E20016F809 /* ReadFunctions.swift in Sources */ = {isa = PBXBuildFile; fileRef = 28F99CAC1D1065E20016F809 /* ReadFunctions.swift */; };
		28F99CAF1D10C5AA0016F809 /* SyntacticSugars.swift in Sources */ = {isa = PBXBuildFile; fileRef = 28F99CAE1D10C5AA0016F809 /* SyntacticSugars.swift */; };
/* End PBXBuildFile section */

/* Begin PBXContainerItemProxy section */
		28DCFF9A1D0222BA00A813D3 /* PBXContainerItemProxy */ = {
			isa = PBXContainerItemProxy;
			containerPortal = 28DCFF8F1D0222BA00A813D3 /* Result.xcodeproj */;
			proxyType = 2;
			remoteGlobalIDString = D45480571A9572F5009D7229;
			remoteInfo = "Result-Mac";
		};
		28DCFF9C1D0222BA00A813D3 /* PBXContainerItemProxy */ = {
			isa = PBXContainerItemProxy;
			containerPortal = 28DCFF8F1D0222BA00A813D3 /* Result.xcodeproj */;
			proxyType = 2;
			remoteGlobalIDString = D45480671A9572F5009D7229;
			remoteInfo = "Result-MacTests";
		};
		28DCFF9E1D0222BA00A813D3 /* PBXContainerItemProxy */ = {
			isa = PBXContainerItemProxy;
			containerPortal = 28DCFF8F1D0222BA00A813D3 /* Result.xcodeproj */;
			proxyType = 2;
			remoteGlobalIDString = D454807D1A957361009D7229;
			remoteInfo = "Result-iOS";
		};
		28DCFFA01D0222BA00A813D3 /* PBXContainerItemProxy */ = {
			isa = PBXContainerItemProxy;
			containerPortal = 28DCFF8F1D0222BA00A813D3 /* Result.xcodeproj */;
			proxyType = 2;
			remoteGlobalIDString = D45480871A957362009D7229;
			remoteInfo = "Result-iOSTests";
		};
		28DCFFA21D0222BA00A813D3 /* PBXContainerItemProxy */ = {
			isa = PBXContainerItemProxy;
			containerPortal = 28DCFF8F1D0222BA00A813D3 /* Result.xcodeproj */;
			proxyType = 2;
			remoteGlobalIDString = 57FCDE471BA280DC00130C48;
			remoteInfo = "Result-tvOS";
		};
		28DCFFA41D0222BA00A813D3 /* PBXContainerItemProxy */ = {
			isa = PBXContainerItemProxy;
			containerPortal = 28DCFF8F1D0222BA00A813D3 /* Result.xcodeproj */;
			proxyType = 2;
			remoteGlobalIDString = 57FCDE541BA280E000130C48;
			remoteInfo = "Result-tvOSTests";
		};
		28DCFFA61D0222BA00A813D3 /* PBXContainerItemProxy */ = {
			isa = PBXContainerItemProxy;
			containerPortal = 28DCFF8F1D0222BA00A813D3 /* Result.xcodeproj */;
			proxyType = 2;
			remoteGlobalIDString = D03579A31B2B788F005D26AE;
			remoteInfo = "Result-watchOS";
		};
		28DCFFA81D0222BA00A813D3 /* PBXContainerItemProxy */ = {
			isa = PBXContainerItemProxy;
			containerPortal = 28DCFF8F1D0222BA00A813D3 /* Result.xcodeproj */;
			proxyType = 2;
			remoteGlobalIDString = D03579B01B2B78A1005D26AE;
			remoteInfo = "Result-watchOSTests";
		};
		28E9D87B1D09D59000A511AA /* PBXContainerItemProxy */ = {
			isa = PBXContainerItemProxy;
			containerPortal = 28E9D8641D09D59000A511AA /* Rx.xcodeproj */;
			proxyType = 2;
			remoteGlobalIDString = C8A56AD71AD7424700B4673B;
			remoteInfo = "RxSwift-iOS";
		};
		28E9D87D1D09D59000A511AA /* PBXContainerItemProxy */ = {
			isa = PBXContainerItemProxy;
			containerPortal = 28E9D8641D09D59000A511AA /* Rx.xcodeproj */;
			proxyType = 2;
			remoteGlobalIDString = C88BB8711B07E5ED0064D411;
			remoteInfo = "RxSwift-OSX";
		};
		28E9D87F1D09D59000A511AA /* PBXContainerItemProxy */ = {
			isa = PBXContainerItemProxy;
			containerPortal = 28E9D8641D09D59000A511AA /* Rx.xcodeproj */;
			proxyType = 2;
			remoteGlobalIDString = D2EA280C1BB9B5A200880ED3;
			remoteInfo = "RxSwift-tvOS";
		};
		28E9D8811D09D59000A511AA /* PBXContainerItemProxy */ = {
			isa = PBXContainerItemProxy;
			containerPortal = 28E9D8641D09D59000A511AA /* Rx.xcodeproj */;
			proxyType = 2;
			remoteGlobalIDString = C8F0C0021BBBFB8B001B112F;
			remoteInfo = "RxSwift-watchOS";
		};
		28E9D8831D09D59000A511AA /* PBXContainerItemProxy */ = {
			isa = PBXContainerItemProxy;
			containerPortal = 28E9D8641D09D59000A511AA /* Rx.xcodeproj */;
			proxyType = 2;
			remoteGlobalIDString = C809396D1B8A71760088E94D;
			remoteInfo = "RxCocoa-iOS";
		};
		28E9D8851D09D59000A511AA /* PBXContainerItemProxy */ = {
			isa = PBXContainerItemProxy;
			containerPortal = 28E9D8641D09D59000A511AA /* Rx.xcodeproj */;
			proxyType = 2;
			remoteGlobalIDString = C80939E71B8A71840088E94D;
			remoteInfo = "RxCocoa-OSX";
		};
		28E9D8871D09D59000A511AA /* PBXContainerItemProxy */ = {
			isa = PBXContainerItemProxy;
			containerPortal = 28E9D8641D09D59000A511AA /* Rx.xcodeproj */;
			proxyType = 2;
			remoteGlobalIDString = D2138C751BB9BE9800339B5C;
			remoteInfo = "RxCocoa-tvOS";
		};
		28E9D8891D09D59000A511AA /* PBXContainerItemProxy */ = {
			isa = PBXContainerItemProxy;
			containerPortal = 28E9D8641D09D59000A511AA /* Rx.xcodeproj */;
			proxyType = 2;
			remoteGlobalIDString = C8F0C04B1BBBFBB9001B112F;
			remoteInfo = "RxCocoa-watchOS";
		};
		28E9D88B1D09D59000A511AA /* PBXContainerItemProxy */ = {
			isa = PBXContainerItemProxy;
			containerPortal = 28E9D8641D09D59000A511AA /* Rx.xcodeproj */;
			proxyType = 2;
			remoteGlobalIDString = C8093BC71B8A71F00088E94D;
			remoteInfo = "RxBlocking-iOS";
		};
		28E9D88D1D09D59000A511AA /* PBXContainerItemProxy */ = {
			isa = PBXContainerItemProxy;
			containerPortal = 28E9D8641D09D59000A511AA /* Rx.xcodeproj */;
			proxyType = 2;
			remoteGlobalIDString = C8093C451B8A71FC0088E94D;
			remoteInfo = "RxBlocking-OSX";
		};
		28E9D88F1D09D59000A511AA /* PBXContainerItemProxy */ = {
			isa = PBXContainerItemProxy;
			containerPortal = 28E9D8641D09D59000A511AA /* Rx.xcodeproj */;
			proxyType = 2;
			remoteGlobalIDString = D2EBEB811BB9B99D003A27DC;
			remoteInfo = "RxBlocking-tvOS";
		};
		28E9D8911D09D59000A511AA /* PBXContainerItemProxy */ = {
			isa = PBXContainerItemProxy;
			containerPortal = 28E9D8641D09D59000A511AA /* Rx.xcodeproj */;
			proxyType = 2;
			remoteGlobalIDString = C8F0C0581BBBFBCE001B112F;
			remoteInfo = "RxBlocking-watchOS";
		};
		28E9D8931D09D59000A511AA /* PBXContainerItemProxy */ = {
			isa = PBXContainerItemProxy;
			containerPortal = 28E9D8641D09D59000A511AA /* Rx.xcodeproj */;
			proxyType = 2;
			remoteGlobalIDString = C88FA50C1C25C44800CCFEA4;
			remoteInfo = "RxTests-iOS";
		};
		28E9D8951D09D59000A511AA /* PBXContainerItemProxy */ = {
			isa = PBXContainerItemProxy;
			containerPortal = 28E9D8641D09D59000A511AA /* Rx.xcodeproj */;
			proxyType = 2;
			remoteGlobalIDString = C88FA51D1C25C4B500CCFEA4;
			remoteInfo = "RxTests-OSX";
		};
		28E9D8971D09D59000A511AA /* PBXContainerItemProxy */ = {
			isa = PBXContainerItemProxy;
			containerPortal = 28E9D8641D09D59000A511AA /* Rx.xcodeproj */;
			proxyType = 2;
			remoteGlobalIDString = C88FA52E1C25C4C000CCFEA4;
			remoteInfo = "RxTests-tvOS";
		};
		28E9D8991D09D59000A511AA /* PBXContainerItemProxy */ = {
			isa = PBXContainerItemProxy;
			containerPortal = 28E9D8641D09D59000A511AA /* Rx.xcodeproj */;
			proxyType = 2;
			remoteGlobalIDString = C88FA53F1C25C4CC00CCFEA4;
			remoteInfo = "RxTests-watchOS";
		};
		28E9D89B1D09D59000A511AA /* PBXContainerItemProxy */ = {
			isa = PBXContainerItemProxy;
			containerPortal = 28E9D8641D09D59000A511AA /* Rx.xcodeproj */;
			proxyType = 2;
			remoteGlobalIDString = C83508C31C386F6F0027C24C;
			remoteInfo = "AllTests-iOS";
		};
		28E9D89D1D09D59000A511AA /* PBXContainerItemProxy */ = {
			isa = PBXContainerItemProxy;
			containerPortal = 28E9D8641D09D59000A511AA /* Rx.xcodeproj */;
			proxyType = 2;
			remoteGlobalIDString = C83509841C38740E0027C24C;
			remoteInfo = "AllTests-tvOS";
		};
		28E9D89F1D09D59000A511AA /* PBXContainerItemProxy */ = {
			isa = PBXContainerItemProxy;
			containerPortal = 28E9D8641D09D59000A511AA /* Rx.xcodeproj */;
			proxyType = 2;
			remoteGlobalIDString = C83509941C38742C0027C24C;
			remoteInfo = "AllTests-OSX";
		};
		28E9D8A11D09D59000A511AA /* PBXContainerItemProxy */ = {
			isa = PBXContainerItemProxy;
			containerPortal = 28E9D8641D09D59000A511AA /* Rx.xcodeproj */;
			proxyType = 2;
			remoteGlobalIDString = C85BA04B1C3878740075D68E;
			remoteInfo = PerformanceTests;
		};
		28F828891C494B2C00330CF4 /* PBXContainerItemProxy */ = {
			isa = PBXContainerItemProxy;
			containerPortal = 28F828741C494B2C00330CF4 /* Project object */;
			proxyType = 1;
			remoteGlobalIDString = 28F8287C1C494B2C00330CF4;
			remoteInfo = FaunaDB;
		};
/* End PBXContainerItemProxy section */

/* Begin PBXCopyFilesBuildPhase section */
		2886143B1D0AFB53007FB922 /* CopyFiles */ = {
			isa = PBXCopyFilesBuildPhase;
			buildActionMask = 2147483647;
			dstPath = "";
			dstSubfolderSpec = 10;
			files = (
				288614401D0AFBC1007FB922 /* Quick.framework in CopyFiles */,
				288614411D0AFBC1007FB922 /* Nimble.framework in CopyFiles */,
			);
			runOnlyForDeploymentPostprocessing = 0;
		};
/* End PBXCopyFilesBuildPhase section */

/* Begin PBXFileReference section */
		287AB3471D0726930002B487 /* PathComponentType.swift */ = {isa = PBXFileReference; fileEncoding = 4; lastKnownFileType = sourcecode.swift; name = PathComponentType.swift; path = Types/PathComponentType.swift; sourceTree = "<group>"; };
		287AB3671D0766970002B487 /* FieldType.swift */ = {isa = PBXFileReference; fileEncoding = 4; lastKnownFileType = sourcecode.swift; name = FieldType.swift; path = Types/FieldType.swift; sourceTree = "<group>"; };
		287AB36C1D0782A50002B487 /* FieldTests.swift */ = {isa = PBXFileReference; fileEncoding = 4; lastKnownFileType = sourcecode.swift; name = FieldTests.swift; path = Tests/FieldTests.swift; sourceTree = SOURCE_ROOT; };
		287D0A6D1C4B73BD004566D6 /* FaunaDBTests.swift */ = {isa = PBXFileReference; fileEncoding = 4; lastKnownFileType = sourcecode.swift; name = FaunaDBTests.swift; path = Tests/FaunaDBTests.swift; sourceTree = SOURCE_ROOT; };
		287ED54A1D2D71B7000E7BC6 /* RxSwift.framework */ = {isa = PBXFileReference; lastKnownFileType = wrapper.framework; name = RxSwift.framework; path = Carthage/Build/iOS/RxSwift.framework; sourceTree = "<group>"; };
		28858D2A1D11C49400532DE7 /* WriteFunctions.swift */ = {isa = PBXFileReference; fileEncoding = 4; lastKnownFileType = sourcecode.swift; name = WriteFunctions.swift; path = Query/WriteFunctions.swift; sourceTree = "<group>"; };
		288614161D0AF605007FB922 /* Quick.framework */ = {isa = PBXFileReference; lastKnownFileType = wrapper.framework; name = Quick.framework; path = Carthage/Build/iOS/Quick.framework; sourceTree = "<group>"; };
		288614171D0AF605007FB922 /* Nimble.framework */ = {isa = PBXFileReference; lastKnownFileType = wrapper.framework; name = Nimble.framework; path = Carthage/Build/iOS/Nimble.framework; sourceTree = "<group>"; };
		288614441D0B4C5D007FB922 /* ClientExceptionsTests.swift */ = {isa = PBXFileReference; fileEncoding = 4; lastKnownFileType = sourcecode.swift; name = ClientExceptionsTests.swift; path = Tests/ClientExceptionsTests.swift; sourceTree = SOURCE_ROOT; };
		2886144E1D0C8CF7007FB922 /* SetRef.swift */ = {isa = PBXFileReference; fileEncoding = 4; lastKnownFileType = sourcecode.swift; name = SetRef.swift; path = Types/SetRef.swift; sourceTree = "<group>"; };
		2886147B1D0F6E50007FB922 /* MiscFuntions.swift */ = {isa = PBXFileReference; fileEncoding = 4; lastKnownFileType = sourcecode.swift; name = MiscFuntions.swift; path = Query/MiscFuntions.swift; sourceTree = "<group>"; };
		288F0F771D0FA41D00079435 /* SetFunctions.swift */ = {isa = PBXFileReference; fileEncoding = 4; lastKnownFileType = sourcecode.swift; name = SetFunctions.swift; path = Query/SetFunctions.swift; sourceTree = "<group>"; };
		28A1B1AD1D25C616006AA400 /* Helpers.swift */ = {isa = PBXFileReference; fileEncoding = 4; lastKnownFileType = sourcecode.swift; path = Helpers.swift; sourceTree = "<group>"; };
		28DCFF361CFE050E00A813D3 /* Client.swift */ = {isa = PBXFileReference; fileEncoding = 4; lastKnownFileType = sourcecode.swift; path = Client.swift; sourceTree = "<group>"; };
		28DCFF3D1CFE37F400A813D3 /* ClientConfigurationTests.swift */ = {isa = PBXFileReference; fileEncoding = 4; lastKnownFileType = sourcecode.swift; name = ClientConfigurationTests.swift; path = Tests/ClientConfigurationTests.swift; sourceTree = SOURCE_ROOT; };
		28DCFF3F1CFE3AB000A813D3 /* ClientTests.swift */ = {isa = PBXFileReference; fileEncoding = 4; lastKnownFileType = sourcecode.swift; name = ClientTests.swift; path = Tests/ClientTests.swift; sourceTree = SOURCE_ROOT; };
		28DCFF411CFE3B3400A813D3 /* Error.swift */ = {isa = PBXFileReference; fileEncoding = 4; lastKnownFileType = sourcecode.swift; path = Error.swift; sourceTree = "<group>"; };
		28DCFF431CFE40B600A813D3 /* ClientObserverType.swift */ = {isa = PBXFileReference; fileEncoding = 4; lastKnownFileType = sourcecode.swift; path = ClientObserverType.swift; sourceTree = "<group>"; };
		28DCFF461CFF906200A813D3 /* Ref.swift */ = {isa = PBXFileReference; fileEncoding = 4; lastKnownFileType = sourcecode.swift; name = Ref.swift; path = Types/Ref.swift; sourceTree = "<group>"; };
		28DCFF481CFF907E00A813D3 /* Obj.swift */ = {isa = PBXFileReference; fileEncoding = 4; lastKnownFileType = sourcecode.swift; name = Obj.swift; path = Types/Obj.swift; sourceTree = "<group>"; };
		28DCFF4A1CFF909100A813D3 /* Scalars.swift */ = {isa = PBXFileReference; fileEncoding = 4; lastKnownFileType = sourcecode.swift; name = Scalars.swift; path = Types/Scalars.swift; sourceTree = "<group>"; };
		28DCFF4F1CFF910100A813D3 /* Expr.swift */ = {isa = PBXFileReference; fileEncoding = 4; lastKnownFileType = sourcecode.swift; name = Expr.swift; path = Query/Expr.swift; sourceTree = "<group>"; };
		28DCFF561D00A86E00A813D3 /* Arr.swift */ = {isa = PBXFileReference; fileEncoding = 4; lastKnownFileType = sourcecode.swift; name = Arr.swift; path = Types/Arr.swift; sourceTree = "<group>"; };
		28DCFF5B1D01CBF800A813D3 /* Value.swift */ = {isa = PBXFileReference; fileEncoding = 4; lastKnownFileType = sourcecode.swift; name = Value.swift; path = Types/Value.swift; sourceTree = "<group>"; };
		28DCFF8F1D0222BA00A813D3 /* Result.xcodeproj */ = {isa = PBXFileReference; lastKnownFileType = "wrapper.pb-project"; name = Result.xcodeproj; path = Carthage/Checkouts/Result/Result.xcodeproj; sourceTree = "<group>"; };
		28E9D83C1D0849CA00A511AA /* DeserializationTests.swift */ = {isa = PBXFileReference; fileEncoding = 4; lastKnownFileType = sourcecode.swift; name = DeserializationTests.swift; path = Tests/DeserializationTests.swift; sourceTree = SOURCE_ROOT; };
		28E9D84B1D0849F700A511AA /* SerializationTests.swift */ = {isa = PBXFileReference; fileEncoding = 4; lastKnownFileType = sourcecode.swift; name = SerializationTests.swift; path = Tests/SerializationTests.swift; sourceTree = SOURCE_ROOT; };
		28E9D8601D08EE7800A511AA /* Date.swift */ = {isa = PBXFileReference; fileEncoding = 4; lastKnownFileType = sourcecode.swift; name = Date.swift; path = Types/Date.swift; sourceTree = "<group>"; };
		28E9D8621D08EE8700A511AA /* Timestamp.swift */ = {isa = PBXFileReference; fileEncoding = 4; lastKnownFileType = sourcecode.swift; name = Timestamp.swift; path = Types/Timestamp.swift; sourceTree = "<group>"; };
		28E9D8641D09D59000A511AA /* Rx.xcodeproj */ = {isa = PBXFileReference; lastKnownFileType = "wrapper.pb-project"; name = Rx.xcodeproj; path = Carthage/Checkouts/RxSwift/Rx.xcodeproj; sourceTree = "<group>"; };
		28E9D8A81D09D6B500A511AA /* RxFaunaDB.framework */ = {isa = PBXFileReference; explicitFileType = wrapper.framework; includeInIndex = 0; path = RxFaunaDB.framework; sourceTree = BUILT_PRODUCTS_DIR; };
		28E9D8AA1D09D6B500A511AA /* RxFaunaDB.h */ = {isa = PBXFileReference; lastKnownFileType = sourcecode.c.h; path = RxFaunaDB.h; sourceTree = "<group>"; };
		28E9D8AC1D09D6B500A511AA /* Info.plist */ = {isa = PBXFileReference; lastKnownFileType = text.plist.xml; path = Info.plist; sourceTree = "<group>"; };
		28E9D8B11D09D95E00A511AA /* Client+Rx.swift */ = {isa = PBXFileReference; fileEncoding = 4; lastKnownFileType = sourcecode.swift; name = "Client+Rx.swift"; path = "RxSources/Client+Rx.swift"; sourceTree = "<group>"; };
		28F8287D1C494B2C00330CF4 /* FaunaDB.framework */ = {isa = PBXFileReference; explicitFileType = wrapper.framework; includeInIndex = 0; path = FaunaDB.framework; sourceTree = BUILT_PRODUCTS_DIR; };
		28F828801C494B2C00330CF4 /* FaunaDB.h */ = {isa = PBXFileReference; lastKnownFileType = sourcecode.c.h; path = FaunaDB.h; sourceTree = "<group>"; };
		28F828821C494B2C00330CF4 /* Info.plist */ = {isa = PBXFileReference; lastKnownFileType = text.plist.xml; path = Info.plist; sourceTree = "<group>"; };
		28F828871C494B2C00330CF4 /* FaunaDBTests.xctest */ = {isa = PBXFileReference; explicitFileType = wrapper.cfbundle; includeInIndex = 0; path = FaunaDBTests.xctest; sourceTree = BUILT_PRODUCTS_DIR; };
		28F8288E1C494B2C00330CF4 /* Info.plist */ = {isa = PBXFileReference; lastKnownFileType = text.plist; name = Info.plist; path = Tests/Info.plist; sourceTree = "<group>"; };
		28F8289B1C494BF100330CF4 /* Playground.playground */ = {isa = PBXFileReference; lastKnownFileType = file.playground; path = Playground.playground; sourceTree = "<group>"; };
		28F99C871D1061440016F809 /* CollectionFunctions.swift */ = {isa = PBXFileReference; fileEncoding = 4; lastKnownFileType = sourcecode.swift; name = CollectionFunctions.swift; path = Query/CollectionFunctions.swift; sourceTree = "<group>"; };
		28F99CAA1D10655E0016F809 /* BasicForms.swift */ = {isa = PBXFileReference; fileEncoding = 4; lastKnownFileType = sourcecode.swift; name = BasicForms.swift; path = Query/BasicForms.swift; sourceTree = "<group>"; };
		28F99CAC1D1065E20016F809 /* ReadFunctions.swift */ = {isa = PBXFileReference; fileEncoding = 4; lastKnownFileType = sourcecode.swift; name = ReadFunctions.swift; path = Query/ReadFunctions.swift; sourceTree = "<group>"; };
		28F99CAE1D10C5AA0016F809 /* SyntacticSugars.swift */ = {isa = PBXFileReference; fileEncoding = 4; lastKnownFileType = sourcecode.swift; name = SyntacticSugars.swift; path = Query/SyntacticSugars.swift; sourceTree = "<group>"; };
/* End PBXFileReference section */

/* Begin PBXFrameworksBuildPhase section */
		28E9D8A41D09D6B500A511AA /* Frameworks */ = {
			isa = PBXFrameworksBuildPhase;
			buildActionMask = 2147483647;
			files = (
				287ED54B1D2D71B7000E7BC6 /* RxSwift.framework in Frameworks */,
			);
			runOnlyForDeploymentPostprocessing = 0;
		};
		28F828791C494B2C00330CF4 /* Frameworks */ = {
			isa = PBXFrameworksBuildPhase;
			buildActionMask = 2147483647;
			files = (
			);
			runOnlyForDeploymentPostprocessing = 0;
		};
		28F828841C494B2C00330CF4 /* Frameworks */ = {
			isa = PBXFrameworksBuildPhase;
			buildActionMask = 2147483647;
			files = (
				288614181D0AF605007FB922 /* Quick.framework in Frameworks */,
				288614191D0AF605007FB922 /* Nimble.framework in Frameworks */,
				28F828881C494B2C00330CF4 /* FaunaDB.framework in Frameworks */,
			);
			runOnlyForDeploymentPostprocessing = 0;
		};
/* End PBXFrameworksBuildPhase section */

/* Begin PBXGroup section */
		28DCFF451CFF903C00A813D3 /* Types */ = {
			isa = PBXGroup;
			children = (
				28DCFF5B1D01CBF800A813D3 /* Value.swift */,
				28DCFF4A1CFF909100A813D3 /* Scalars.swift */,
				28E9D8601D08EE7800A511AA /* Date.swift */,
				28E9D8621D08EE8700A511AA /* Timestamp.swift */,
				28DCFF461CFF906200A813D3 /* Ref.swift */,
				28DCFF561D00A86E00A813D3 /* Arr.swift */,
				28DCFF481CFF907E00A813D3 /* Obj.swift */,
				287AB3471D0726930002B487 /* PathComponentType.swift */,
				287AB3671D0766970002B487 /* FieldType.swift */,
				2886144E1D0C8CF7007FB922 /* SetRef.swift */,
			);
			name = Types;
			sourceTree = "<group>";
		};
		28DCFF4E1CFF90D800A813D3 /* Query */ = {
			isa = PBXGroup;
			children = (
				28DCFF4F1CFF910100A813D3 /* Expr.swift */,
				28F99CAE1D10C5AA0016F809 /* SyntacticSugars.swift */,
				28F99CAA1D10655E0016F809 /* BasicForms.swift */,
				2886147B1D0F6E50007FB922 /* MiscFuntions.swift */,
				28F99C871D1061440016F809 /* CollectionFunctions.swift */,
				288F0F771D0FA41D00079435 /* SetFunctions.swift */,
				28F99CAC1D1065E20016F809 /* ReadFunctions.swift */,
				28858D2A1D11C49400532DE7 /* WriteFunctions.swift */,
			);
			name = Query;
			sourceTree = "<group>";
		};
		28DCFF581D00CF0400A813D3 /* Frameworks */ = {
			isa = PBXGroup;
			children = (
				287ED54A1D2D71B7000E7BC6 /* RxSwift.framework */,
				288614161D0AF605007FB922 /* Quick.framework */,
				288614171D0AF605007FB922 /* Nimble.framework */,
				28E9D8641D09D59000A511AA /* Rx.xcodeproj */,
				28DCFF8F1D0222BA00A813D3 /* Result.xcodeproj */,
			);
			name = Frameworks;
			sourceTree = "<group>";
		};
		28DCFF901D0222BA00A813D3 /* Products */ = {
			isa = PBXGroup;
			children = (
				28DCFF9B1D0222BA00A813D3 /* Result.framework */,
				28DCFF9D1D0222BA00A813D3 /* Result-MacTests.xctest */,
				28DCFF9F1D0222BA00A813D3 /* Result.framework */,
				28DCFFA11D0222BA00A813D3 /* Result-iOSTests.xctest */,
				28DCFFA31D0222BA00A813D3 /* Result.framework */,
				28DCFFA51D0222BA00A813D3 /* Result-tvOSTests.xctest */,
				28DCFFA71D0222BA00A813D3 /* Result.framework */,
				28DCFFA91D0222BA00A813D3 /* Result-watchOSTests.xctest */,
			);
			name = Products;
			sourceTree = "<group>";
		};
		28E9D8651D09D59000A511AA /* Products */ = {
			isa = PBXGroup;
			children = (
				28E9D87C1D09D59000A511AA /* RxSwift.framework */,
				28E9D87E1D09D59000A511AA /* RxSwift.framework */,
				28E9D8801D09D59000A511AA /* RxSwift.framework */,
				28E9D8821D09D59000A511AA /* RxSwift.framework */,
				28E9D8841D09D59000A511AA /* RxCocoa.framework */,
				28E9D8861D09D59000A511AA /* RxCocoa.framework */,
				28E9D8881D09D59000A511AA /* RxCocoa.framework */,
				28E9D88A1D09D59000A511AA /* RxCocoa.framework */,
				28E9D88C1D09D59000A511AA /* RxBlocking.framework */,
				28E9D88E1D09D59000A511AA /* RxBlocking.framework */,
				28E9D8901D09D59000A511AA /* RxBlocking.framework */,
				28E9D8921D09D59000A511AA /* RxBlocking.framework */,
				28E9D8941D09D59000A511AA /* RxTests.framework */,
				28E9D8961D09D59000A511AA /* RxTests.framework */,
				28E9D8981D09D59000A511AA /* RxTests.framework */,
				28E9D89A1D09D59000A511AA /* RxTests.framework */,
				28E9D89C1D09D59000A511AA /* AllTests-iOS.xctest */,
				28E9D89E1D09D59000A511AA /* AllTests-tvOS.xctest */,
				28E9D8A01D09D59000A511AA /* AllTests-OSX.xctest */,
				28E9D8A21D09D59000A511AA /* PerformanceTests.app */,
			);
			name = Products;
			sourceTree = "<group>";
		};
		28E9D8A91D09D6B500A511AA /* RxFaunaDB */ = {
			isa = PBXGroup;
			children = (
				28E9D8AA1D09D6B500A511AA /* RxFaunaDB.h */,
				28E9D8AC1D09D6B500A511AA /* Info.plist */,
			);
			path = RxFaunaDB;
			sourceTree = "<group>";
		};
		28E9D8B01D09D6E800A511AA /* RxSources */ = {
			isa = PBXGroup;
			children = (
				28E9D8B11D09D95E00A511AA /* Client+Rx.swift */,
			);
			name = RxSources;
			sourceTree = "<group>";
		};
		28F828731C494B2C00330CF4 = {
			isa = PBXGroup;
			children = (
				28F8289B1C494BF100330CF4 /* Playground.playground */,
				28F828971C494B4200330CF4 /* Sources */,
				28E9D8B01D09D6E800A511AA /* RxSources */,
				28F8288B1C494B2C00330CF4 /* Tests */,
				28F8287F1C494B2C00330CF4 /* FaunaDB */,
				28E9D8A91D09D6B500A511AA /* RxFaunaDB */,
				28F8287E1C494B2C00330CF4 /* Products */,
				28DCFF581D00CF0400A813D3 /* Frameworks */,
			);
			sourceTree = "<group>";
		};
		28F8287E1C494B2C00330CF4 /* Products */ = {
			isa = PBXGroup;
			children = (
				28F8287D1C494B2C00330CF4 /* FaunaDB.framework */,
				28F828871C494B2C00330CF4 /* FaunaDBTests.xctest */,
				28E9D8A81D09D6B500A511AA /* RxFaunaDB.framework */,
			);
			name = Products;
			sourceTree = "<group>";
		};
		28F8287F1C494B2C00330CF4 /* FaunaDB */ = {
			isa = PBXGroup;
			children = (
				28F828801C494B2C00330CF4 /* FaunaDB.h */,
				28F828821C494B2C00330CF4 /* Info.plist */,
			);
			path = FaunaDB;
			sourceTree = "<group>";
		};
		28F8288B1C494B2C00330CF4 /* Tests */ = {
			isa = PBXGroup;
			children = (
				28F8288E1C494B2C00330CF4 /* Info.plist */,
				287D0A6D1C4B73BD004566D6 /* FaunaDBTests.swift */,
				28DCFF3D1CFE37F400A813D3 /* ClientConfigurationTests.swift */,
				28DCFF3F1CFE3AB000A813D3 /* ClientTests.swift */,
				288614441D0B4C5D007FB922 /* ClientExceptionsTests.swift */,
				287AB36C1D0782A50002B487 /* FieldTests.swift */,
				28E9D83C1D0849CA00A511AA /* DeserializationTests.swift */,
				28E9D84B1D0849F700A511AA /* SerializationTests.swift */,
			);
			name = Tests;
			path = FaunaDBTests;
			sourceTree = "<group>";
		};
		28F828971C494B4200330CF4 /* Sources */ = {
			isa = PBXGroup;
			children = (
				28A1B1AD1D25C616006AA400 /* Helpers.swift */,
				28DCFF4E1CFF90D800A813D3 /* Query */,
				28DCFF451CFF903C00A813D3 /* Types */,
				28DCFF361CFE050E00A813D3 /* Client.swift */,
				28DCFF431CFE40B600A813D3 /* ClientObserverType.swift */,
				28DCFF411CFE3B3400A813D3 /* Error.swift */,
			);
			path = Sources;
			sourceTree = "<group>";
		};
/* End PBXGroup section */

/* Begin PBXHeadersBuildPhase section */
		28E9D8A51D09D6B500A511AA /* Headers */ = {
			isa = PBXHeadersBuildPhase;
			buildActionMask = 2147483647;
			files = (
				28E9D8AB1D09D6B500A511AA /* RxFaunaDB.h in Headers */,
			);
			runOnlyForDeploymentPostprocessing = 0;
		};
		28F8287A1C494B2C00330CF4 /* Headers */ = {
			isa = PBXHeadersBuildPhase;
			buildActionMask = 2147483647;
			files = (
				28F828811C494B2C00330CF4 /* FaunaDB.h in Headers */,
			);
			runOnlyForDeploymentPostprocessing = 0;
		};
/* End PBXHeadersBuildPhase section */

/* Begin PBXNativeTarget section */
		28E9D8A71D09D6B500A511AA /* RxFaunaDB */ = {
			isa = PBXNativeTarget;
			buildConfigurationList = 28E9D8AD1D09D6B500A511AA /* Build configuration list for PBXNativeTarget "RxFaunaDB" */;
			buildPhases = (
				28E9D8A31D09D6B500A511AA /* Sources */,
				28E9D8A41D09D6B500A511AA /* Frameworks */,
				28E9D8A51D09D6B500A511AA /* Headers */,
				28E9D8A61D09D6B500A511AA /* Resources */,
			);
			buildRules = (
			);
			dependencies = (
			);
			name = RxFaunaDB;
			productName = RxFaunaDB;
			productReference = 28E9D8A81D09D6B500A511AA /* RxFaunaDB.framework */;
			productType = "com.apple.product-type.framework";
		};
		28F8287C1C494B2C00330CF4 /* FaunaDB */ = {
			isa = PBXNativeTarget;
			buildConfigurationList = 28F828911C494B2C00330CF4 /* Build configuration list for PBXNativeTarget "FaunaDB" */;
			buildPhases = (
				28F828781C494B2C00330CF4 /* Sources */,
				28F828791C494B2C00330CF4 /* Frameworks */,
				28F8287A1C494B2C00330CF4 /* Headers */,
				28F8287B1C494B2C00330CF4 /* Resources */,
			);
			buildRules = (
			);
			dependencies = (
			);
			name = FaunaDB;
			productName = FaunaDB;
			productReference = 28F8287D1C494B2C00330CF4 /* FaunaDB.framework */;
			productType = "com.apple.product-type.framework";
		};
		28F828861C494B2C00330CF4 /* FaunaDBTests */ = {
			isa = PBXNativeTarget;
			buildConfigurationList = 28F828941C494B2C00330CF4 /* Build configuration list for PBXNativeTarget "FaunaDBTests" */;
			buildPhases = (
				28F828831C494B2C00330CF4 /* Sources */,
				28F828841C494B2C00330CF4 /* Frameworks */,
				28F828851C494B2C00330CF4 /* Resources */,
				2886143B1D0AFB53007FB922 /* CopyFiles */,
			);
			buildRules = (
			);
			dependencies = (
				28F8288A1C494B2C00330CF4 /* PBXTargetDependency */,
			);
			name = FaunaDBTests;
			productName = FaunaDBTests;
			productReference = 28F828871C494B2C00330CF4 /* FaunaDBTests.xctest */;
			productType = "com.apple.product-type.bundle.unit-test";
		};
/* End PBXNativeTarget section */

/* Begin PBXProject section */
		28F828741C494B2C00330CF4 /* Project object */ = {
			isa = PBXProject;
			attributes = {
				LastSwiftUpdateCheck = 0730;
				LastUpgradeCheck = 0720;
				TargetAttributes = {
					28E9D8A71D09D6B500A511AA = {
						CreatedOnToolsVersion = 7.3.1;
					};
					28F8287C1C494B2C00330CF4 = {
						CreatedOnToolsVersion = 7.2;
					};
					28F828861C494B2C00330CF4 = {
						CreatedOnToolsVersion = 7.2;
					};
				};
			};
			buildConfigurationList = 28F828771C494B2C00330CF4 /* Build configuration list for PBXProject "FaunaDB" */;
			compatibilityVersion = "Xcode 3.2";
			developmentRegion = English;
			hasScannedForEncodings = 0;
			knownRegions = (
				en,
			);
			mainGroup = 28F828731C494B2C00330CF4;
			productRefGroup = 28F8287E1C494B2C00330CF4 /* Products */;
			projectDirPath = "";
			projectReferences = (
				{
					ProductGroup = 28DCFF901D0222BA00A813D3 /* Products */;
					ProjectRef = 28DCFF8F1D0222BA00A813D3 /* Result.xcodeproj */;
				},
				{
					ProductGroup = 28E9D8651D09D59000A511AA /* Products */;
					ProjectRef = 28E9D8641D09D59000A511AA /* Rx.xcodeproj */;
				},
			);
			projectRoot = "";
			targets = (
				28F8287C1C494B2C00330CF4 /* FaunaDB */,
				28E9D8A71D09D6B500A511AA /* RxFaunaDB */,
				28F828861C494B2C00330CF4 /* FaunaDBTests */,
			);
		};
/* End PBXProject section */

/* Begin PBXReferenceProxy section */
		28DCFF9B1D0222BA00A813D3 /* Result.framework */ = {
			isa = PBXReferenceProxy;
			fileType = wrapper.framework;
			path = Result.framework;
			remoteRef = 28DCFF9A1D0222BA00A813D3 /* PBXContainerItemProxy */;
			sourceTree = BUILT_PRODUCTS_DIR;
		};
		28DCFF9D1D0222BA00A813D3 /* Result-MacTests.xctest */ = {
			isa = PBXReferenceProxy;
			fileType = wrapper.cfbundle;
			path = "Result-MacTests.xctest";
			remoteRef = 28DCFF9C1D0222BA00A813D3 /* PBXContainerItemProxy */;
			sourceTree = BUILT_PRODUCTS_DIR;
		};
		28DCFF9F1D0222BA00A813D3 /* Result.framework */ = {
			isa = PBXReferenceProxy;
			fileType = wrapper.framework;
			path = Result.framework;
			remoteRef = 28DCFF9E1D0222BA00A813D3 /* PBXContainerItemProxy */;
			sourceTree = BUILT_PRODUCTS_DIR;
		};
		28DCFFA11D0222BA00A813D3 /* Result-iOSTests.xctest */ = {
			isa = PBXReferenceProxy;
			fileType = wrapper.cfbundle;
			path = "Result-iOSTests.xctest";
			remoteRef = 28DCFFA01D0222BA00A813D3 /* PBXContainerItemProxy */;
			sourceTree = BUILT_PRODUCTS_DIR;
		};
		28DCFFA31D0222BA00A813D3 /* Result.framework */ = {
			isa = PBXReferenceProxy;
			fileType = wrapper.framework;
			path = Result.framework;
			remoteRef = 28DCFFA21D0222BA00A813D3 /* PBXContainerItemProxy */;
			sourceTree = BUILT_PRODUCTS_DIR;
		};
		28DCFFA51D0222BA00A813D3 /* Result-tvOSTests.xctest */ = {
			isa = PBXReferenceProxy;
			fileType = wrapper.cfbundle;
			path = "Result-tvOSTests.xctest";
			remoteRef = 28DCFFA41D0222BA00A813D3 /* PBXContainerItemProxy */;
			sourceTree = BUILT_PRODUCTS_DIR;
		};
		28DCFFA71D0222BA00A813D3 /* Result.framework */ = {
			isa = PBXReferenceProxy;
			fileType = wrapper.framework;
			path = Result.framework;
			remoteRef = 28DCFFA61D0222BA00A813D3 /* PBXContainerItemProxy */;
			sourceTree = BUILT_PRODUCTS_DIR;
		};
		28DCFFA91D0222BA00A813D3 /* Result-watchOSTests.xctest */ = {
			isa = PBXReferenceProxy;
			fileType = wrapper.cfbundle;
			path = "Result-watchOSTests.xctest";
			remoteRef = 28DCFFA81D0222BA00A813D3 /* PBXContainerItemProxy */;
			sourceTree = BUILT_PRODUCTS_DIR;
		};
		28E9D87C1D09D59000A511AA /* RxSwift.framework */ = {
			isa = PBXReferenceProxy;
			fileType = wrapper.framework;
			path = RxSwift.framework;
			remoteRef = 28E9D87B1D09D59000A511AA /* PBXContainerItemProxy */;
			sourceTree = BUILT_PRODUCTS_DIR;
		};
		28E9D87E1D09D59000A511AA /* RxSwift.framework */ = {
			isa = PBXReferenceProxy;
			fileType = wrapper.framework;
			path = RxSwift.framework;
			remoteRef = 28E9D87D1D09D59000A511AA /* PBXContainerItemProxy */;
			sourceTree = BUILT_PRODUCTS_DIR;
		};
		28E9D8801D09D59000A511AA /* RxSwift.framework */ = {
			isa = PBXReferenceProxy;
			fileType = wrapper.framework;
			path = RxSwift.framework;
			remoteRef = 28E9D87F1D09D59000A511AA /* PBXContainerItemProxy */;
			sourceTree = BUILT_PRODUCTS_DIR;
		};
		28E9D8821D09D59000A511AA /* RxSwift.framework */ = {
			isa = PBXReferenceProxy;
			fileType = wrapper.framework;
			path = RxSwift.framework;
			remoteRef = 28E9D8811D09D59000A511AA /* PBXContainerItemProxy */;
			sourceTree = BUILT_PRODUCTS_DIR;
		};
		28E9D8841D09D59000A511AA /* RxCocoa.framework */ = {
			isa = PBXReferenceProxy;
			fileType = wrapper.framework;
			path = RxCocoa.framework;
			remoteRef = 28E9D8831D09D59000A511AA /* PBXContainerItemProxy */;
			sourceTree = BUILT_PRODUCTS_DIR;
		};
		28E9D8861D09D59000A511AA /* RxCocoa.framework */ = {
			isa = PBXReferenceProxy;
			fileType = wrapper.framework;
			path = RxCocoa.framework;
			remoteRef = 28E9D8851D09D59000A511AA /* PBXContainerItemProxy */;
			sourceTree = BUILT_PRODUCTS_DIR;
		};
		28E9D8881D09D59000A511AA /* RxCocoa.framework */ = {
			isa = PBXReferenceProxy;
			fileType = wrapper.framework;
			path = RxCocoa.framework;
			remoteRef = 28E9D8871D09D59000A511AA /* PBXContainerItemProxy */;
			sourceTree = BUILT_PRODUCTS_DIR;
		};
		28E9D88A1D09D59000A511AA /* RxCocoa.framework */ = {
			isa = PBXReferenceProxy;
			fileType = wrapper.framework;
			path = RxCocoa.framework;
			remoteRef = 28E9D8891D09D59000A511AA /* PBXContainerItemProxy */;
			sourceTree = BUILT_PRODUCTS_DIR;
		};
		28E9D88C1D09D59000A511AA /* RxBlocking.framework */ = {
			isa = PBXReferenceProxy;
			fileType = wrapper.framework;
			path = RxBlocking.framework;
			remoteRef = 28E9D88B1D09D59000A511AA /* PBXContainerItemProxy */;
			sourceTree = BUILT_PRODUCTS_DIR;
		};
		28E9D88E1D09D59000A511AA /* RxBlocking.framework */ = {
			isa = PBXReferenceProxy;
			fileType = wrapper.framework;
			path = RxBlocking.framework;
			remoteRef = 28E9D88D1D09D59000A511AA /* PBXContainerItemProxy */;
			sourceTree = BUILT_PRODUCTS_DIR;
		};
		28E9D8901D09D59000A511AA /* RxBlocking.framework */ = {
			isa = PBXReferenceProxy;
			fileType = wrapper.framework;
			path = RxBlocking.framework;
			remoteRef = 28E9D88F1D09D59000A511AA /* PBXContainerItemProxy */;
			sourceTree = BUILT_PRODUCTS_DIR;
		};
		28E9D8921D09D59000A511AA /* RxBlocking.framework */ = {
			isa = PBXReferenceProxy;
			fileType = wrapper.framework;
			path = RxBlocking.framework;
			remoteRef = 28E9D8911D09D59000A511AA /* PBXContainerItemProxy */;
			sourceTree = BUILT_PRODUCTS_DIR;
		};
		28E9D8941D09D59000A511AA /* RxTests.framework */ = {
			isa = PBXReferenceProxy;
			fileType = wrapper.framework;
			path = RxTests.framework;
			remoteRef = 28E9D8931D09D59000A511AA /* PBXContainerItemProxy */;
			sourceTree = BUILT_PRODUCTS_DIR;
		};
		28E9D8961D09D59000A511AA /* RxTests.framework */ = {
			isa = PBXReferenceProxy;
			fileType = wrapper.framework;
			path = RxTests.framework;
			remoteRef = 28E9D8951D09D59000A511AA /* PBXContainerItemProxy */;
			sourceTree = BUILT_PRODUCTS_DIR;
		};
		28E9D8981D09D59000A511AA /* RxTests.framework */ = {
			isa = PBXReferenceProxy;
			fileType = wrapper.framework;
			path = RxTests.framework;
			remoteRef = 28E9D8971D09D59000A511AA /* PBXContainerItemProxy */;
			sourceTree = BUILT_PRODUCTS_DIR;
		};
		28E9D89A1D09D59000A511AA /* RxTests.framework */ = {
			isa = PBXReferenceProxy;
			fileType = wrapper.framework;
			path = RxTests.framework;
			remoteRef = 28E9D8991D09D59000A511AA /* PBXContainerItemProxy */;
			sourceTree = BUILT_PRODUCTS_DIR;
		};
		28E9D89C1D09D59000A511AA /* AllTests-iOS.xctest */ = {
			isa = PBXReferenceProxy;
			fileType = wrapper.cfbundle;
			path = "AllTests-iOS.xctest";
			remoteRef = 28E9D89B1D09D59000A511AA /* PBXContainerItemProxy */;
			sourceTree = BUILT_PRODUCTS_DIR;
		};
		28E9D89E1D09D59000A511AA /* AllTests-tvOS.xctest */ = {
			isa = PBXReferenceProxy;
			fileType = wrapper.cfbundle;
			path = "AllTests-tvOS.xctest";
			remoteRef = 28E9D89D1D09D59000A511AA /* PBXContainerItemProxy */;
			sourceTree = BUILT_PRODUCTS_DIR;
		};
		28E9D8A01D09D59000A511AA /* AllTests-OSX.xctest */ = {
			isa = PBXReferenceProxy;
			fileType = wrapper.cfbundle;
			path = "AllTests-OSX.xctest";
			remoteRef = 28E9D89F1D09D59000A511AA /* PBXContainerItemProxy */;
			sourceTree = BUILT_PRODUCTS_DIR;
		};
		28E9D8A21D09D59000A511AA /* PerformanceTests.app */ = {
			isa = PBXReferenceProxy;
			fileType = wrapper.application;
			path = PerformanceTests.app;
			remoteRef = 28E9D8A11D09D59000A511AA /* PBXContainerItemProxy */;
			sourceTree = BUILT_PRODUCTS_DIR;
		};
/* End PBXReferenceProxy section */

/* Begin PBXResourcesBuildPhase section */
		28E9D8A61D09D6B500A511AA /* Resources */ = {
			isa = PBXResourcesBuildPhase;
			buildActionMask = 2147483647;
			files = (
			);
			runOnlyForDeploymentPostprocessing = 0;
		};
		28F8287B1C494B2C00330CF4 /* Resources */ = {
			isa = PBXResourcesBuildPhase;
			buildActionMask = 2147483647;
			files = (
			);
			runOnlyForDeploymentPostprocessing = 0;
		};
		28F828851C494B2C00330CF4 /* Resources */ = {
			isa = PBXResourcesBuildPhase;
			buildActionMask = 2147483647;
			files = (
			);
			runOnlyForDeploymentPostprocessing = 0;
		};
/* End PBXResourcesBuildPhase section */

/* Begin PBXSourcesBuildPhase section */
		28E9D8A31D09D6B500A511AA /* Sources */ = {
			isa = PBXSourcesBuildPhase;
			buildActionMask = 2147483647;
			files = (
				28E9D8B21D09D95E00A511AA /* Client+Rx.swift in Sources */,
			);
			runOnlyForDeploymentPostprocessing = 0;
		};
		28F828781C494B2C00330CF4 /* Sources */ = {
			isa = PBXSourcesBuildPhase;
			buildActionMask = 2147483647;
			files = (
				28DCFF441CFE40B600A813D3 /* ClientObserverType.swift in Sources */,
				28DCFF421CFE3B3400A813D3 /* Error.swift in Sources */,
				28A1B1CF1D26C2A3006AA400 /* Expr.swift in Sources */,
				28DCFF4B1CFF909100A813D3 /* Scalars.swift in Sources */,
				28858D2B1D11C49400532DE7 /* WriteFunctions.swift in Sources */,
				28A1B1AE1D25C616006AA400 /* Helpers.swift in Sources */,
				28F99CAD1D1065E20016F809 /* ReadFunctions.swift in Sources */,
				2886147C1D0F6E50007FB922 /* MiscFuntions.swift in Sources */,
				28F99CAF1D10C5AA0016F809 /* SyntacticSugars.swift in Sources */,
				28F99CAB1D10655E0016F809 /* BasicForms.swift in Sources */,
				28DCFF371CFE050E00A813D3 /* Client.swift in Sources */,
				28E9D8631D08EE8700A511AA /* Timestamp.swift in Sources */,
				287AB3481D0726930002B487 /* PathComponentType.swift in Sources */,
				28DCFF5C1D01CBF800A813D3 /* Value.swift in Sources */,
				28E9D8611D08EE7800A511AA /* Date.swift in Sources */,
				2886144F1D0C8CF7007FB922 /* SetRef.swift in Sources */,
				28DCFF491CFF907E00A813D3 /* Obj.swift in Sources */,
				28DCFF471CFF906200A813D3 /* Ref.swift in Sources */,
				28F99C881D1061440016F809 /* CollectionFunctions.swift in Sources */,
				287AB3681D0766970002B487 /* FieldType.swift in Sources */,
				28DCFF571D00A86E00A813D3 /* Arr.swift in Sources */,
				288F0F781D0FA41D00079435 /* SetFunctions.swift in Sources */,
			);
			runOnlyForDeploymentPostprocessing = 0;
		};
		28F828831C494B2C00330CF4 /* Sources */ = {
			isa = PBXSourcesBuildPhase;
			buildActionMask = 2147483647;
			files = (
				283EB4EE1D26FB6900E59EBA /* ClientExceptionsTests.swift in Sources */,
				283EB4F11D26FB7200E59EBA /* SerializationTests.swift in Sources */,
				283EB4F01D26FB6F00E59EBA /* DeserializationTests.swift in Sources */,
				283EB4ED1D26FB6600E59EBA /* ClientTests.swift in Sources */,
				283EB4F21D26FBC500E59EBA /* FaunaDBTests.swift in Sources */,
				283EB4EF1D26FB6C00E59EBA /* FieldTests.swift in Sources */,
				283EB4EB1D26FB6000E59EBA /* ClientConfigurationTests.swift in Sources */,
			);
			runOnlyForDeploymentPostprocessing = 0;
		};
/* End PBXSourcesBuildPhase section */

/* Begin PBXTargetDependency section */
		28F8288A1C494B2C00330CF4 /* PBXTargetDependency */ = {
			isa = PBXTargetDependency;
			target = 28F8287C1C494B2C00330CF4 /* FaunaDB */;
			targetProxy = 28F828891C494B2C00330CF4 /* PBXContainerItemProxy */;
		};
/* End PBXTargetDependency section */

/* Begin XCBuildConfiguration section */
		28E9D8AE1D09D6B500A511AA /* Debug */ = {
			isa = XCBuildConfiguration;
			buildSettings = {
				CLANG_ANALYZER_NONNULL = YES;
				CLANG_ENABLE_MODULES = YES;
				DEFINES_MODULE = YES;
				DYLIB_COMPATIBILITY_VERSION = 1;
				DYLIB_CURRENT_VERSION = 1;
				DYLIB_INSTALL_NAME_BASE = "@rpath";
				FRAMEWORK_SEARCH_PATHS = (
					"$(inherited)",
					"$(PROJECT_DIR)/Carthage/Build/iOS",
				);
				INFOPLIST_FILE = RxFaunaDB/Info.plist;
				INSTALL_PATH = "$(LOCAL_LIBRARY_DIR)/Frameworks";
				IPHONEOS_DEPLOYMENT_TARGET = 8.4;
				LD_RUNPATH_SEARCH_PATHS = "$(inherited) @executable_path/Frameworks @loader_path/Frameworks";
				PRODUCT_BUNDLE_IDENTIFIER = com.faunadb.client.FaunaDB.RxFaunaDB;
				PRODUCT_NAME = "$(TARGET_NAME)";
				SKIP_INSTALL = YES;
				SWIFT_OPTIMIZATION_LEVEL = "-Onone";
			};
			name = Debug;
		};
		28E9D8AF1D09D6B500A511AA /* Release */ = {
			isa = XCBuildConfiguration;
			buildSettings = {
				CLANG_ANALYZER_NONNULL = YES;
				CLANG_ENABLE_MODULES = YES;
				DEFINES_MODULE = YES;
				DYLIB_COMPATIBILITY_VERSION = 1;
				DYLIB_CURRENT_VERSION = 1;
				DYLIB_INSTALL_NAME_BASE = "@rpath";
				FRAMEWORK_SEARCH_PATHS = (
					"$(inherited)",
					"$(PROJECT_DIR)/Carthage/Build/iOS",
				);
				INFOPLIST_FILE = RxFaunaDB/Info.plist;
				INSTALL_PATH = "$(LOCAL_LIBRARY_DIR)/Frameworks";
				IPHONEOS_DEPLOYMENT_TARGET = 8.4;
				LD_RUNPATH_SEARCH_PATHS = "$(inherited) @executable_path/Frameworks @loader_path/Frameworks";
				PRODUCT_BUNDLE_IDENTIFIER = com.faunadb.client.FaunaDB.RxFaunaDB;
				PRODUCT_NAME = "$(TARGET_NAME)";
				SKIP_INSTALL = YES;
			};
			name = Release;
		};
		28F8288F1C494B2C00330CF4 /* Debug */ = {
			isa = XCBuildConfiguration;
			buildSettings = {
				ALWAYS_SEARCH_USER_PATHS = NO;
				CLANG_CXX_LANGUAGE_STANDARD = "gnu++0x";
				CLANG_CXX_LIBRARY = "libc++";
				CLANG_ENABLE_MODULES = YES;
				CLANG_ENABLE_OBJC_ARC = YES;
				CLANG_WARN_BOOL_CONVERSION = YES;
				CLANG_WARN_CONSTANT_CONVERSION = YES;
				CLANG_WARN_DIRECT_OBJC_ISA_USAGE = YES_ERROR;
				CLANG_WARN_EMPTY_BODY = YES;
				CLANG_WARN_ENUM_CONVERSION = YES;
				CLANG_WARN_INT_CONVERSION = YES;
				CLANG_WARN_OBJC_ROOT_CLASS = YES_ERROR;
				CLANG_WARN_UNREACHABLE_CODE = YES;
				CLANG_WARN__DUPLICATE_METHOD_MATCH = YES;
				"CODE_SIGN_IDENTITY[sdk=iphoneos*]" = "iPhone Developer";
				COPY_PHASE_STRIP = NO;
				CURRENT_PROJECT_VERSION = 1;
				DEBUG_INFORMATION_FORMAT = dwarf;
				ENABLE_STRICT_OBJC_MSGSEND = YES;
				ENABLE_TESTABILITY = YES;
				GCC_C_LANGUAGE_STANDARD = gnu99;
				GCC_DYNAMIC_NO_PIC = NO;
				GCC_NO_COMMON_BLOCKS = YES;
				GCC_OPTIMIZATION_LEVEL = 0;
				GCC_PREPROCESSOR_DEFINITIONS = (
					"DEBUG=1",
					"$(inherited)",
				);
				GCC_WARN_64_TO_32_BIT_CONVERSION = YES;
				GCC_WARN_ABOUT_RETURN_TYPE = YES_ERROR;
				GCC_WARN_UNDECLARED_SELECTOR = YES;
				GCC_WARN_UNINITIALIZED_AUTOS = YES_AGGRESSIVE;
				GCC_WARN_UNUSED_FUNCTION = YES;
				GCC_WARN_UNUSED_VARIABLE = YES;
				IPHONEOS_DEPLOYMENT_TARGET = 9.2;
				MTL_ENABLE_DEBUG_INFO = YES;
				ONLY_ACTIVE_ARCH = YES;
				SDKROOT = iphoneos;
				SWIFT_OPTIMIZATION_LEVEL = "-Onone";
				TARGETED_DEVICE_FAMILY = "1,2";
				VERSIONING_SYSTEM = "apple-generic";
				VERSION_INFO_PREFIX = "";
			};
			name = Debug;
		};
		28F828901C494B2C00330CF4 /* Release */ = {
			isa = XCBuildConfiguration;
			buildSettings = {
				ALWAYS_SEARCH_USER_PATHS = NO;
				CLANG_CXX_LANGUAGE_STANDARD = "gnu++0x";
				CLANG_CXX_LIBRARY = "libc++";
				CLANG_ENABLE_MODULES = YES;
				CLANG_ENABLE_OBJC_ARC = YES;
				CLANG_WARN_BOOL_CONVERSION = YES;
				CLANG_WARN_CONSTANT_CONVERSION = YES;
				CLANG_WARN_DIRECT_OBJC_ISA_USAGE = YES_ERROR;
				CLANG_WARN_EMPTY_BODY = YES;
				CLANG_WARN_ENUM_CONVERSION = YES;
				CLANG_WARN_INT_CONVERSION = YES;
				CLANG_WARN_OBJC_ROOT_CLASS = YES_ERROR;
				CLANG_WARN_UNREACHABLE_CODE = YES;
				CLANG_WARN__DUPLICATE_METHOD_MATCH = YES;
				"CODE_SIGN_IDENTITY[sdk=iphoneos*]" = "iPhone Developer";
				COPY_PHASE_STRIP = NO;
				CURRENT_PROJECT_VERSION = 1;
				DEBUG_INFORMATION_FORMAT = "dwarf-with-dsym";
				ENABLE_NS_ASSERTIONS = NO;
				ENABLE_STRICT_OBJC_MSGSEND = YES;
				GCC_C_LANGUAGE_STANDARD = gnu99;
				GCC_NO_COMMON_BLOCKS = YES;
				GCC_WARN_64_TO_32_BIT_CONVERSION = YES;
				GCC_WARN_ABOUT_RETURN_TYPE = YES_ERROR;
				GCC_WARN_UNDECLARED_SELECTOR = YES;
				GCC_WARN_UNINITIALIZED_AUTOS = YES_AGGRESSIVE;
				GCC_WARN_UNUSED_FUNCTION = YES;
				GCC_WARN_UNUSED_VARIABLE = YES;
				IPHONEOS_DEPLOYMENT_TARGET = 9.2;
				MTL_ENABLE_DEBUG_INFO = NO;
				SDKROOT = iphoneos;
				TARGETED_DEVICE_FAMILY = "1,2";
				VALIDATE_PRODUCT = YES;
				VERSIONING_SYSTEM = "apple-generic";
				VERSION_INFO_PREFIX = "";
			};
			name = Release;
		};
		28F828921C494B2C00330CF4 /* Debug */ = {
			isa = XCBuildConfiguration;
			buildSettings = {
				DEFINES_MODULE = YES;
				DYLIB_COMPATIBILITY_VERSION = 1;
				DYLIB_CURRENT_VERSION = 1;
				DYLIB_INSTALL_NAME_BASE = "@rpath";
				FRAMEWORK_SEARCH_PATHS = (
					"$(inherited)",
					"$(PROJECT_DIR)/Carthage/Build/iOS",
				);
				INFOPLIST_FILE = FaunaDB/Info.plist;
				INSTALL_PATH = "$(LOCAL_LIBRARY_DIR)/Frameworks";
				IPHONEOS_DEPLOYMENT_TARGET = 8.4;
				LD_RUNPATH_SEARCH_PATHS = "$(inherited) @executable_path/Frameworks @loader_path/Frameworks";
				PRODUCT_BUNDLE_IDENTIFIER = com.faunadb.client.FaunaDB;
				PRODUCT_NAME = "$(TARGET_NAME)";
				SKIP_INSTALL = YES;
			};
			name = Debug;
		};
		28F828931C494B2C00330CF4 /* Release */ = {
			isa = XCBuildConfiguration;
			buildSettings = {
				DEFINES_MODULE = YES;
				DYLIB_COMPATIBILITY_VERSION = 1;
				DYLIB_CURRENT_VERSION = 1;
				DYLIB_INSTALL_NAME_BASE = "@rpath";
				FRAMEWORK_SEARCH_PATHS = (
					"$(inherited)",
					"$(PROJECT_DIR)/Carthage/Build/iOS",
				);
				INFOPLIST_FILE = FaunaDB/Info.plist;
				INSTALL_PATH = "$(LOCAL_LIBRARY_DIR)/Frameworks";
				IPHONEOS_DEPLOYMENT_TARGET = 8.4;
				LD_RUNPATH_SEARCH_PATHS = "$(inherited) @executable_path/Frameworks @loader_path/Frameworks";
				PRODUCT_BUNDLE_IDENTIFIER = com.faunadb.client.FaunaDB;
				PRODUCT_NAME = "$(TARGET_NAME)";
				SKIP_INSTALL = YES;
			};
			name = Release;
		};
		28F828951C494B2C00330CF4 /* Debug */ = {
			isa = XCBuildConfiguration;
			buildSettings = {
				CLANG_ENABLE_MODULES = YES;
				FRAMEWORK_SEARCH_PATHS = (
					"$(inherited)",
					"$(PROJECT_DIR)/Carthage/Build/iOS",
				);
				INFOPLIST_FILE = Tests/Info.plist;
				LD_RUNPATH_SEARCH_PATHS = "$(inherited) @executable_path/Frameworks @loader_path/Frameworks $(PROJECT_DIR)/Carthage/Build/iOS";
				PRODUCT_BUNDLE_IDENTIFIER = com.faunadb.client.FaunaDBTests;
				PRODUCT_NAME = "$(TARGET_NAME)";
				SWIFT_OPTIMIZATION_LEVEL = "-Onone";
			};
			name = Debug;
		};
		28F828961C494B2C00330CF4 /* Release */ = {
			isa = XCBuildConfiguration;
			buildSettings = {
				CLANG_ENABLE_MODULES = YES;
				FRAMEWORK_SEARCH_PATHS = (
					"$(inherited)",
					"$(PROJECT_DIR)/Carthage/Build/iOS",
				);
				INFOPLIST_FILE = Tests/Info.plist;
				LD_RUNPATH_SEARCH_PATHS = "$(inherited) @executable_path/Frameworks @loader_path/Frameworks $(PROJECT_DIR)/Carthage/Build/iOS";
				PRODUCT_BUNDLE_IDENTIFIER = com.faunadb.client.FaunaDBTests;
				PRODUCT_NAME = "$(TARGET_NAME)";
			};
			name = Release;
		};
/* End XCBuildConfiguration section */

/* Begin XCConfigurationList section */
		28E9D8AD1D09D6B500A511AA /* Build configuration list for PBXNativeTarget "RxFaunaDB" */ = {
			isa = XCConfigurationList;
			buildConfigurations = (
				28E9D8AE1D09D6B500A511AA /* Debug */,
				28E9D8AF1D09D6B500A511AA /* Release */,
			);
			defaultConfigurationIsVisible = 0;
			defaultConfigurationName = Release;
		};
		28F828771C494B2C00330CF4 /* Build configuration list for PBXProject "FaunaDB" */ = {
			isa = XCConfigurationList;
			buildConfigurations = (
				28F8288F1C494B2C00330CF4 /* Debug */,
				28F828901C494B2C00330CF4 /* Release */,
			);
			defaultConfigurationIsVisible = 0;
			defaultConfigurationName = Release;
		};
		28F828911C494B2C00330CF4 /* Build configuration list for PBXNativeTarget "FaunaDB" */ = {
			isa = XCConfigurationList;
			buildConfigurations = (
				28F828921C494B2C00330CF4 /* Debug */,
				28F828931C494B2C00330CF4 /* Release */,
			);
			defaultConfigurationIsVisible = 0;
			defaultConfigurationName = Release;
		};
		28F828941C494B2C00330CF4 /* Build configuration list for PBXNativeTarget "FaunaDBTests" */ = {
			isa = XCConfigurationList;
			buildConfigurations = (
				28F828951C494B2C00330CF4 /* Debug */,
				28F828961C494B2C00330CF4 /* Release */,
			);
			defaultConfigurationIsVisible = 0;
			defaultConfigurationName = Release;
		};
/* End XCConfigurationList section */
	};
	rootObject = 28F828741C494B2C00330CF4 /* Project object */;
}
